<Solution>
  <Folder Name="/src/">
    <Project Path="src/tsqlfmt/tsqlfmt.fsproj" />
  </Folder>
  <Folder Name="/tests/">
    <Project Path="tests/tsqlfmt.Tests/tsqlfmt.Tests.fsproj" />
  </Folder>
  <Folder Name="/benchmarks/">
    <Project Path="benchmarks/tsqlfmt.Benchmarks/tsqlfmt.Benchmarks.fsproj" />
  </Folder>
</Solution>
